
Microsoft Visual Studio Solution File, Format Version 12.00
# Visual Studio Version 16
VisualStudioVersion = 16.0.32929.386
MinimumVisualStudioVersion = 10.0.40219.1
Project("{FAE04EC0-301F-11D3-BF4B-00C04F79EFBC}") = "Tic-Tac-Toe_Game", "Tic-Tac-Toe_Game.csproj", "{231E55BA-5D85-486D-975C-E7E44F558CD3}"
EndProject
Global
	GlobalSection(SolutionConfigurationPlatforms) = preSolution
		Debug|Any CPU = Debug|Any CPU
		Release|Any CPU = Release|Any CPU
	EndGlobalSection
	GlobalSection(ProjectConfigurationPlatforms) = postSolution
		{231E55BA-5D85-486D-975C-E7E44F558CD3}.Debug|Any CPU.ActiveCfg = Debug|Any CPU
		{231E55BA-5D85-486D-975C-E7E44F558CD3}.Debug|Any CPU.Build.0 = Debug|Any CPU
		{231E55BA-5D85-486D-975C-E7E44F558CD3}.Release|Any CPU.ActiveCfg = Release|Any CPU
		{231E55BA-5D85-486D-975C-E7E44F558CD3}.Release|Any CPU.Build.0 = Release|Any CPU
	EndGlobalSection
	GlobalSection(SolutionProperties) = preSolution
		HideSolutionNode = FALSE
	EndGlobalSection
	GlobalSection(ExtensibilityGlobals) = postSolution
		SolutionGuid = {21FE22CF-88AD-47E4-B0F0-EA8533B35AA3}
	EndGlobalSection
EndGlobal
